
Microsoft Visual Studio Solution File, Format Version 12.00
# Visual Studio Version 17
VisualStudioVersion = 17.5.33516.290
MinimumVisualStudioVersion = 10.0.40219.1
Project("{FAE04EC0-301F-11D3-BF4B-00C04F79EFBC}") = "BulkyBookweb", "BulkyBookweb\BulkyBookweb.csproj", "{75C8CF27-7CFC-4564-99CE-A485D1B164D7}"
EndProject
Global
	GlobalSection(SolutionConfigurationPlatforms) = preSolution
		Debug|Any CPU = Debug|Any CPU
		Release|Any CPU = Release|Any CPU
	EndGlobalSection
	GlobalSection(ProjectConfigurationPlatforms) = postSolution
		{75C8CF27-7CFC-4564-99CE-A485D1B164D7}.Debug|Any CPU.ActiveCfg = Debug|Any CPU
		{75C8CF27-7CFC-4564-99CE-A485D1B164D7}.Debug|Any CPU.Build.0 = Debug|Any CPU
		{75C8CF27-7CFC-4564-99CE-A485D1B164D7}.Release|Any CPU.ActiveCfg = Release|Any CPU
		{75C8CF27-7CFC-4564-99CE-A485D1B164D7}.Release|Any CPU.Build.0 = Release|Any CPU
	EndGlobalSection
	GlobalSection(SolutionProperties) = preSolution
		HideSolutionNode = FALSE
	EndGlobalSection
	GlobalSection(ExtensibilityGlobals) = postSolution
		SolutionGuid = {080FEC04-77B5-467C-A134-F3C27B61E255}
	EndGlobalSection
EndGlobal
